{
  "nodes": {
    "nixpkgs": {
      "locked": {
        "lastModified": 1730225723,
        "narHash": "sha256-q1Fs3NhEO0oA0ddKdPUrdQXl3WWoGabUHm84Y9RVAyc=",
        "owner": "NixOS",
        "repo": "nixpkgs",
        "rev": "de2f9ce743b22e82f6ac05b2dc8862c07a17f4a4",
        "type": "github"
      },
      "original": {
        "owner": "NixOS",
        "repo": "nixpkgs",
        "type": "github"
      }
    },
    "root": {
      "inputs": {
        "nixpkgs": "nixpkgs"
      }
    }
  },
  "root": "root",
  "version": 7
}
