{
  "nodes": {
    "nixpkgs": {
      "locked": {
        "lastModified": 1730228728,
        "narHash": "sha256-igPp1MKnYVk1F+Z+SZlB5G+ia+vG7oAtDqI/KIEjUUA=",
        "owner": "NixOS",
        "repo": "nixpkgs",
        "rev": "5319f16a2366d96d2a2058c7b7df5f1e27456032",
        "type": "github"
      },
      "original": {
        "owner": "NixOS",
        "repo": "nixpkgs",
        "type": "github"
      }
    },
    "root": {
      "inputs": {
        "nixpkgs": "nixpkgs"
      }
    }
  },
  "root": "root",
  "version": 7
}
