{
  "nodes": {
    "nixpkgs": {
      "locked": {
        "lastModified": 1730217534,
        "narHash": "sha256-LNxXZh13m7GUQjldqq8eVaa6fYCrPCYhq9aBWvLbUik=",
        "owner": "NixOS",
        "repo": "nixpkgs",
        "rev": "9850a3dbb17e57f499acc1f65cf5705597e590f4",
        "type": "github"
      },
      "original": {
        "owner": "NixOS",
        "repo": "nixpkgs",
        "type": "github"
      }
    },
    "root": {
      "inputs": {
        "nixpkgs": "nixpkgs"
      }
    }
  },
  "root": "root",
  "version": 7
}
